<?xml version="1.0" encoding="utf-8"?>
<Project ToolsVersion="4.0" xmlns="http://schemas.microsoft.com/developer/msbuild/2003">
  <ItemGroup>
    <Filter Include="ソース ファイル">
      <UniqueIdentifier>{4FC737F1-C7A5-4376-A066-2A32D752A2FF}</UniqueIdentifier>
      <Extensions>cpp;c;cc;cxx;c++;cppm;ixx;def;odl;idl;hpj;bat;asm;asmx</Extensions>
    </Filter>
    <Filter Include="ヘッダー ファイル">
      <UniqueIdentifier>{93995380-89BD-4b04-88EB-625FBE52EBFB}</UniqueIdentifier>
      <Extensions>h;hh;hpp;hxx;h++;hm;inl;inc;ipp;xsd</Extensions>
    </Filter>
    <Filter Include="リソース ファイル">
      <UniqueIdentifier>{67DA6AB6-F800-4c08-8B7A-83BB121AAD01}</UniqueIdentifier>
      <Extensions>rc;ico;cur;bmp;dlg;rc2;rct;bin;rgs;gif;jpg;jpeg;jpe;resx;tiff;tif;png;wav;mfcribbon-ms</Extensions>
    </Filter>
    <Filter Include="Src">
      <UniqueIdentifier>{e2c56a13-11f4-4776-ac95-0c0d519211fb}</UniqueIdentifier>
    </Filter>
    <Filter Include="Src\Manager">
      <UniqueIdentifier>{c3a1ac84-19a7-43e1-a3cc-d68d812c161b}</UniqueIdentifier>
    </Filter>
    <Filter Include="Src\Common">
      <UniqueIdentifier>{c7b03e82-18c1-4ebc-8f8f-403c7d28f027}</UniqueIdentifier>
    </Filter>
  </ItemGroup>
  <ItemGroup>
    <ClCompile Include="main.cpp">
      <Filter>Src</Filter>
    </ClCompile>
    <ClCompile Include="Application.cpp">
      <Filter>Src</Filter>
    </ClCompile>
    <ClCompile Include="InputManager.cpp">
      <Filter>Src\Manager</Filter>
    </ClCompile>
    <ClCompile Include="Vector2.cpp">
      <Filter>Src\Common</Filter>
    </ClCompile>
  </ItemGroup>
  <ItemGroup>
    <ClInclude Include="Application.h">
      <Filter>Src</Filter>
    </ClInclude>
    <ClInclude Include="InputManager.h">
      <Filter>Src\Manager</Filter>
    </ClInclude>
    <ClInclude Include="Vector2.h">
      <Filter>Src\Common</Filter>
    </ClInclude>
  </ItemGroup>
</Project>